
Microsoft Visual Studio Solution File, Format Version 12.00
# Visual Studio Version 17
VisualStudioVersion = 17.7.34031.279
MinimumVisualStudioVersion = 10.0.40219.1
Project("{9A19103F-16F7-4668-BE54-9A1E7A4F7556}") = "Problema2", "Problema2_Lista_De_Numeros\Problema2.csproj", "{C797F4FD-B55A-4602-B046-960126121A57}"
EndProject
Global
	GlobalSection(SolutionConfigurationPlatforms) = preSolution
		Debug|Any CPU = Debug|Any CPU
		Release|Any CPU = Release|Any CPU
	EndGlobalSection
	GlobalSection(ProjectConfigurationPlatforms) = postSolution
		{C797F4FD-B55A-4602-B046-960126121A57}.Debug|Any CPU.ActiveCfg = Debug|Any CPU
		{C797F4FD-B55A-4602-B046-960126121A57}.Debug|Any CPU.Build.0 = Debug|Any CPU
		{C797F4FD-B55A-4602-B046-960126121A57}.Release|Any CPU.ActiveCfg = Release|Any CPU
		{C797F4FD-B55A-4602-B046-960126121A57}.Release|Any CPU.Build.0 = Release|Any CPU
	EndGlobalSection
	GlobalSection(SolutionProperties) = preSolution
		HideSolutionNode = FALSE
	EndGlobalSection
	GlobalSection(ExtensibilityGlobals) = postSolution
		SolutionGuid = {AB111522-3A5E-4930-B304-E2CF1F4E6043}
	EndGlobalSection
EndGlobal
