
Microsoft Visual Studio Solution File, Format Version 12.00
# Visual Studio Version 17
VisualStudioVersion = 17.7.34031.279
MinimumVisualStudioVersion = 10.0.40219.1
Project("{9A19103F-16F7-4668-BE54-9A1E7A4F7556}") = "Problema1", "Problema1_Clase_Estatica\Problema1.csproj", "{ED9D7DE0-29F4-4828-B95A-43C6A640479F}"
EndProject
Global
	GlobalSection(SolutionConfigurationPlatforms) = preSolution
		Debug|Any CPU = Debug|Any CPU
		Release|Any CPU = Release|Any CPU
	EndGlobalSection
	GlobalSection(ProjectConfigurationPlatforms) = postSolution
		{ED9D7DE0-29F4-4828-B95A-43C6A640479F}.Debug|Any CPU.ActiveCfg = Debug|Any CPU
		{ED9D7DE0-29F4-4828-B95A-43C6A640479F}.Debug|Any CPU.Build.0 = Debug|Any CPU
		{ED9D7DE0-29F4-4828-B95A-43C6A640479F}.Release|Any CPU.ActiveCfg = Release|Any CPU
		{ED9D7DE0-29F4-4828-B95A-43C6A640479F}.Release|Any CPU.Build.0 = Release|Any CPU
	EndGlobalSection
	GlobalSection(SolutionProperties) = preSolution
		HideSolutionNode = FALSE
	EndGlobalSection
	GlobalSection(ExtensibilityGlobals) = postSolution
		SolutionGuid = {1CF32CC1-CB47-43AD-8630-2D10BD942143}
	EndGlobalSection
EndGlobal
